// !$*UTF8*$!
{
	archiveVersion = 1;
	classes = {
	};
	objectVersion = 56;
	objects = {

/* Begin PBXBuildFile section */
		1072C0F5A7077CA35FB165D1 /* Pods_apiGitHub_04_09_2023.framework in Frameworks */ = {isa = PBXBuildFile; fileRef = C96CA1C26C6511E04A971B10 /* Pods_apiGitHub_04_09_2023.framework */; };
		2A7A5B702AA6C5F600EC5924 /* AppDelegate.swift in Sources */ = {isa = PBXBuildFile; fileRef = 2A7A5B6F2AA6C5F600EC5924 /* AppDelegate.swift */; };
		2A7A5B722AA6C5F600EC5924 /* SceneDelegate.swift in Sources */ = {isa = PBXBuildFile; fileRef = 2A7A5B712AA6C5F600EC5924 /* SceneDelegate.swift */; };
		2A7A5B742AA6C5F600EC5924 /* ViewController.swift in Sources */ = {isa = PBXBuildFile; fileRef = 2A7A5B732AA6C5F600EC5924 /* ViewController.swift */; };
		2A7A5B772AA6C5F600EC5924 /* Main.storyboard in Resources */ = {isa = PBXBuildFile; fileRef = 2A7A5B752AA6C5F600EC5924 /* Main.storyboard */; };
		2A7A5B792AA6C5F900EC5924 /* Assets.xcassets in Resources */ = {isa = PBXBuildFile; fileRef = 2A7A5B782AA6C5F900EC5924 /* Assets.xcassets */; };
		2A7A5B7C2AA6C5F900EC5924 /* LaunchScreen.storyboard in Resources */ = {isa = PBXBuildFile; fileRef = 2A7A5B7A2AA6C5F900EC5924 /* LaunchScreen.storyboard */; };
		2A7A5B842AA6D6C000EC5924 /* Service.swift in Sources */ = {isa = PBXBuildFile; fileRef = 2A7A5B832AA6D6C000EC5924 /* Service.swift */; };
/* End PBXBuildFile section */

/* Begin PBXFileReference section */
		2A7A5B6C2AA6C5F600EC5924 /* apiGitHub-04-09-2023.app */ = {isa = PBXFileReference; explicitFileType = wrapper.application; includeInIndex = 0; path = "apiGitHub-04-09-2023.app"; sourceTree = BUILT_PRODUCTS_DIR; };
		2A7A5B6F2AA6C5F600EC5924 /* AppDelegate.swift */ = {isa = PBXFileReference; lastKnownFileType = sourcecode.swift; path = AppDelegate.swift; sourceTree = "<group>"; };
		2A7A5B712AA6C5F600EC5924 /* SceneDelegate.swift */ = {isa = PBXFileReference; lastKnownFileType = sourcecode.swift; path = SceneDelegate.swift; sourceTree = "<group>"; };
		2A7A5B732AA6C5F600EC5924 /* ViewController.swift */ = {isa = PBXFileReference; lastKnownFileType = sourcecode.swift; path = ViewController.swift; sourceTree = "<group>"; };
		2A7A5B762AA6C5F600EC5924 /* Base */ = {isa = PBXFileReference; lastKnownFileType = file.storyboard; name = Base; path = Base.lproj/Main.storyboard; sourceTree = "<group>"; };
		2A7A5B782AA6C5F900EC5924 /* Assets.xcassets */ = {isa = PBXFileReference; lastKnownFileType = folder.assetcatalog; path = Assets.xcassets; sourceTree = "<group>"; };
		2A7A5B7B2AA6C5F900EC5924 /* Base */ = {isa = PBXFileReference; lastKnownFileType = file.storyboard; name = Base; path = Base.lproj/LaunchScreen.storyboard; sourceTree = "<group>"; };
		2A7A5B7D2AA6C5F900EC5924 /* Info.plist */ = {isa = PBXFileReference; lastKnownFileType = text.plist.xml; path = Info.plist; sourceTree = "<group>"; };
		2A7A5B832AA6D6C000EC5924 /* Service.swift */ = {isa = PBXFileReference; lastKnownFileType = sourcecode.swift; path = Service.swift; sourceTree = "<group>"; };
		3B0D7F39C588D51FCD11DC9C /* Pods-apiGitHub-04-09-2023.release.xcconfig */ = {isa = PBXFileReference; includeInIndex = 1; lastKnownFileType = text.xcconfig; name = "Pods-apiGitHub-04-09-2023.release.xcconfig"; path = "Target Support Files/Pods-apiGitHub-04-09-2023/Pods-apiGitHub-04-09-2023.release.xcconfig"; sourceTree = "<group>"; };
		811874FC0415F50E053FFEAD /* Pods-apiGitHub-04-09-2023.debug.xcconfig */ = {isa = PBXFileReference; includeInIndex = 1; lastKnownFileType = text.xcconfig; name = "Pods-apiGitHub-04-09-2023.debug.xcconfig"; path = "Target Support Files/Pods-apiGitHub-04-09-2023/Pods-apiGitHub-04-09-2023.debug.xcconfig"; sourceTree = "<group>"; };
		C96CA1C26C6511E04A971B10 /* Pods_apiGitHub_04_09_2023.framework */ = {isa = PBXFileReference; explicitFileType = wrapper.framework; includeInIndex = 0; path = Pods_apiGitHub_04_09_2023.framework; sourceTree = BUILT_PRODUCTS_DIR; };
/* End PBXFileReference section */

/* Begin PBXFrameworksBuildPhase section */
		2A7A5B692AA6C5F600EC5924 /* Frameworks */ = {
			isa = PBXFrameworksBuildPhase;
			buildActionMask = 2147483647;
			files = (
				1072C0F5A7077CA35FB165D1 /* Pods_apiGitHub_04_09_2023.framework in Frameworks */,
			);
			runOnlyForDeploymentPostprocessing = 0;
		};
/* End PBXFrameworksBuildPhase section */

/* Begin PBXGroup section */
		2A7A5B632AA6C5F600EC5924 = {
			isa = PBXGroup;
			children = (
				2A7A5B6E2AA6C5F600EC5924 /* apiGitHub-04-09-2023 */,
				2A7A5B6D2AA6C5F600EC5924 /* Products */,
				573CD9CCB0E807D04BD40132 /* Pods */,
				81A44A0A07F694AD48C9FDCB /* Frameworks */,
			);
			sourceTree = "<group>";
		};
		2A7A5B6D2AA6C5F600EC5924 /* Products */ = {
			isa = PBXGroup;
			children = (
				2A7A5B6C2AA6C5F600EC5924 /* apiGitHub-04-09-2023.app */,
			);
			name = Products;
			sourceTree = "<group>";
		};
		2A7A5B6E2AA6C5F600EC5924 /* apiGitHub-04-09-2023 */ = {
			isa = PBXGroup;
			children = (
				2A7A5B6F2AA6C5F600EC5924 /* AppDelegate.swift */,
				2A7A5B712AA6C5F600EC5924 /* SceneDelegate.swift */,
				2A7A5B732AA6C5F600EC5924 /* ViewController.swift */,
				2A7A5B832AA6D6C000EC5924 /* Service.swift */,
				2A7A5B752AA6C5F600EC5924 /* Main.storyboard */,
				2A7A5B782AA6C5F900EC5924 /* Assets.xcassets */,
				2A7A5B7A2AA6C5F900EC5924 /* LaunchScreen.storyboard */,
				2A7A5B7D2AA6C5F900EC5924 /* Info.plist */,
			);
			path = "apiGitHub-04-09-2023";
			sourceTree = "<group>";
		};
		573CD9CCB0E807D04BD40132 /* Pods */ = {
			isa = PBXGroup;
			children = (
				811874FC0415F50E053FFEAD /* Pods-apiGitHub-04-09-2023.debug.xcconfig */,
				3B0D7F39C588D51FCD11DC9C /* Pods-apiGitHub-04-09-2023.release.xcconfig */,
			);
			path = Pods;
			sourceTree = "<group>";
		};
		81A44A0A07F694AD48C9FDCB /* Frameworks */ = {
			isa = PBXGroup;
			children = (
				C96CA1C26C6511E04A971B10 /* Pods_apiGitHub_04_09_2023.framework */,
			);
			name = Frameworks;
			sourceTree = "<group>";
		};
/* End PBXGroup section */

/* Begin PBXNativeTarget section */
		2A7A5B6B2AA6C5F600EC5924 /* apiGitHub-04-09-2023 */ = {
			isa = PBXNativeTarget;
			buildConfigurationList = 2A7A5B802AA6C5F900EC5924 /* Build configuration list for PBXNativeTarget "apiGitHub-04-09-2023" */;
			buildPhases = (
				F941600F3DCE6B4133FE7902 /* [CP] Check Pods Manifest.lock */,
				2A7A5B682AA6C5F600EC5924 /* Sources */,
				2A7A5B692AA6C5F600EC5924 /* Frameworks */,
				2A7A5B6A2AA6C5F600EC5924 /* Resources */,
				B58C2904EB0759A75327DC11 /* [CP] Embed Pods Frameworks */,
			);
			buildRules = (
			);
			dependencies = (
			);
			name = "apiGitHub-04-09-2023";
			productName = "apiGitHub-04-09-2023";
			productReference = 2A7A5B6C2AA6C5F600EC5924 /* apiGitHub-04-09-2023.app */;
			productType = "com.apple.product-type.application";
		};
/* End PBXNativeTarget section */

/* Begin PBXProject section */
		2A7A5B642AA6C5F600EC5924 /* Project object */ = {
			isa = PBXProject;
			attributes = {
				BuildIndependentTargetsInParallel = 1;
				LastSwiftUpdateCheck = 1420;
				LastUpgradeCheck = 1420;
				TargetAttributes = {
					2A7A5B6B2AA6C5F600EC5924 = {
						CreatedOnToolsVersion = 14.2;
					};
				};
			};
			buildConfigurationList = 2A7A5B672AA6C5F600EC5924 /* Build configuration list for PBXProject "apiGitHub-04-09-2023" */;
			compatibilityVersion = "Xcode 14.0";
			developmentRegion = en;
			hasScannedForEncodings = 0;
			knownRegions = (
				en,
				Base,
			);
			mainGroup = 2A7A5B632AA6C5F600EC5924;
			productRefGroup = 2A7A5B6D2AA6C5F600EC5924 /* Products */;
			projectDirPath = "";
			projectRoot = "";
			targets = (
				2A7A5B6B2AA6C5F600EC5924 /* apiGitHub-04-09-2023 */,
			);
		};
/* End PBXProject section */

/* Begin PBXResourcesBuildPhase section */
		2A7A5B6A2AA6C5F600EC5924 /* Resources */ = {
			isa = PBXResourcesBuildPhase;
			buildActionMask = 2147483647;
			files = (
				2A7A5B7C2AA6C5F900EC5924 /* LaunchScreen.storyboard in Resources */,
				2A7A5B792AA6C5F900EC5924 /* Assets.xcassets in Resources */,
				2A7A5B772AA6C5F600EC5924 /* Main.storyboard in Resources */,
			);
			runOnlyForDeploymentPostprocessing = 0;
		};
/* End PBXResourcesBuildPhase section */

/* Begin PBXShellScriptBuildPhase section */
		B58C2904EB0759A75327DC11 /* [CP] Embed Pods Frameworks */ = {
			isa = PBXShellScriptBuildPhase;
			buildActionMask = 2147483647;
			files = (
			);
			inputFileListPaths = (
				"${PODS_ROOT}/Target Support Files/Pods-apiGitHub-04-09-2023/Pods-apiGitHub-04-09-2023-frameworks-${CONFIGURATION}-input-files.xcfilelist",
			);
			name = "[CP] Embed Pods Frameworks";
			outputFileListPaths = (
				"${PODS_ROOT}/Target Support Files/Pods-apiGitHub-04-09-2023/Pods-apiGitHub-04-09-2023-frameworks-${CONFIGURATION}-output-files.xcfilelist",
			);
			runOnlyForDeploymentPostprocessing = 0;
			shellPath = /bin/sh;
			shellScript = "\"${PODS_ROOT}/Target Support Files/Pods-apiGitHub-04-09-2023/Pods-apiGitHub-04-09-2023-frameworks.sh\"\n";
			showEnvVarsInLog = 0;
		};
		F941600F3DCE6B4133FE7902 /* [CP] Check Pods Manifest.lock */ = {
			isa = PBXShellScriptBuildPhase;
			buildActionMask = 2147483647;
			files = (
			);
			inputFileListPaths = (
			);
			inputPaths = (
				"${PODS_PODFILE_DIR_PATH}/Podfile.lock",
				"${PODS_ROOT}/Manifest.lock",
			);
			name = "[CP] Check Pods Manifest.lock";
			outputFileListPaths = (
			);
			outputPaths = (
				"$(DERIVED_FILE_DIR)/Pods-apiGitHub-04-09-2023-checkManifestLockResult.txt",
			);
			runOnlyForDeploymentPostprocessing = 0;
			shellPath = /bin/sh;
			shellScript = "diff \"${PODS_PODFILE_DIR_PATH}/Podfile.lock\" \"${PODS_ROOT}/Manifest.lock\" > /dev/null\nif [ $? != 0 ] ; then\n    # print error to STDERR\n    echo \"error: The sandbox is not in sync with the Podfile.lock. Run 'pod install' or update your CocoaPods installation.\" >&2\n    exit 1\nfi\n# This output is used by Xcode 'outputs' to avoid re-running this script phase.\necho \"SUCCESS\" > \"${SCRIPT_OUTPUT_FILE_0}\"\n";
			showEnvVarsInLog = 0;
		};
/* End PBXShellScriptBuildPhase section */

/* Begin PBXSourcesBuildPhase section */
		2A7A5B682AA6C5F600EC5924 /* Sources */ = {
			isa = PBXSourcesBuildPhase;
			buildActionMask = 2147483647;
			files = (
				2A7A5B742AA6C5F600EC5924 /* ViewController.swift in Sources */,
				2A7A5B842AA6D6C000EC5924 /* Service.swift in Sources */,
				2A7A5B702AA6C5F600EC5924 /* AppDelegate.swift in Sources */,
				2A7A5B722AA6C5F600EC5924 /* SceneDelegate.swift in Sources */,
			);
			runOnlyForDeploymentPostprocessing = 0;
		};
/* End PBXSourcesBuildPhase section */

/* Begin PBXVariantGroup section */
		2A7A5B752AA6C5F600EC5924 /* Main.storyboard */ = {
			isa = PBXVariantGroup;
			children = (
				2A7A5B762AA6C5F600EC5924 /* Base */,
			);
			name = Main.storyboard;
			sourceTree = "<group>";
		};
		2A7A5B7A2AA6C5F900EC5924 /* LaunchScreen.storyboard */ = {
			isa = PBXVariantGroup;
			children = (
				2A7A5B7B2AA6C5F900EC5924 /* Base */,
			);
			name = LaunchScreen.storyboard;
			sourceTree = "<group>";
		};
/* End PBXVariantGroup section */

/* Begin XCBuildConfiguration section */
		2A7A5B7E2AA6C5F900EC5924 /* Debug */ = {
			isa = XCBuildConfiguration;
			buildSettings = {
				ALWAYS_SEARCH_USER_PATHS = NO;
				CLANG_ANALYZER_NONNULL = YES;
				CLANG_ANALYZER_NUMBER_OBJECT_CONVERSION = YES_AGGRESSIVE;
				CLANG_CXX_LANGUAGE_STANDARD = "gnu++20";
				CLANG_ENABLE_MODULES = YES;
				CLANG_ENABLE_OBJC_ARC = YES;
				CLANG_ENABLE_OBJC_WEAK = YES;
				CLANG_WARN_BLOCK_CAPTURE_AUTORELEASING = YES;
				CLANG_WARN_BOOL_CONVERSION = YES;
				CLANG_WARN_COMMA = YES;
				CLANG_WARN_CONSTANT_CONVERSION = YES;
				CLANG_WARN_DEPRECATED_OBJC_IMPLEMENTATIONS = YES;
				CLANG_WARN_DIRECT_OBJC_ISA_USAGE = YES_ERROR;
				CLANG_WARN_DOCUMENTATION_COMMENTS = YES;
				CLANG_WARN_EMPTY_BODY = YES;
				CLANG_WARN_ENUM_CONVERSION = YES;
				CLANG_WARN_INFINITE_RECURSION = YES;
				CLANG_WARN_INT_CONVERSION = YES;
				CLANG_WARN_NON_LITERAL_NULL_CONVERSION = YES;
				CLANG_WARN_OBJC_IMPLICIT_RETAIN_SELF = YES;
				CLANG_WARN_OBJC_LITERAL_CONVERSION = YES;
				CLANG_WARN_OBJC_ROOT_CLASS = YES_ERROR;
				CLANG_WARN_QUOTED_INCLUDE_IN_FRAMEWORK_HEADER = YES;
				CLANG_WARN_RANGE_LOOP_ANALYSIS = YES;
				CLANG_WARN_STRICT_PROTOTYPES = YES;
				CLANG_WARN_SUSPICIOUS_MOVE = YES;
				CLANG_WARN_UNGUARDED_AVAILABILITY = YES_AGGRESSIVE;
				CLANG_WARN_UNREACHABLE_CODE = YES;
				CLANG_WARN__DUPLICATE_METHOD_MATCH = YES;
				COPY_PHASE_STRIP = NO;
				DEBUG_INFORMATION_FORMAT = dwarf;
				ENABLE_STRICT_OBJC_MSGSEND = YES;
				ENABLE_TESTABILITY = YES;
				GCC_C_LANGUAGE_STANDARD = gnu11;
				GCC_DYNAMIC_NO_PIC = NO;
				GCC_NO_COMMON_BLOCKS = YES;
				GCC_OPTIMIZATION_LEVEL = 0;
				GCC_PREPROCESSOR_DEFINITIONS = (
					"DEBUG=1",
					"$(inherited)",
				);
				GCC_WARN_64_TO_32_BIT_CONVERSION = YES;
				GCC_WARN_ABOUT_RETURN_TYPE = YES_ERROR;
				GCC_WARN_UNDECLARED_SELECTOR = YES;
				GCC_WARN_UNINITIALIZED_AUTOS = YES_AGGRESSIVE;
				GCC_WARN_UNUSED_FUNCTION = YES;
				GCC_WARN_UNUSED_VARIABLE = YES;
				IPHONEOS_DEPLOYMENT_TARGET = 16.2;
				MTL_ENABLE_DEBUG_INFO = INCLUDE_SOURCE;
				MTL_FAST_MATH = YES;
				ONLY_ACTIVE_ARCH = YES;
				SDKROOT = iphoneos;
				SWIFT_ACTIVE_COMPILATION_CONDITIONS = DEBUG;
				SWIFT_OPTIMIZATION_LEVEL = "-Onone";
			};
			name = Debug;
		};
		2A7A5B7F2AA6C5F900EC5924 /* Release */ = {
			isa = XCBuildConfiguration;
			buildSettings = {
				ALWAYS_SEARCH_USER_PATHS = NO;
				CLANG_ANALYZER_NONNULL = YES;
				CLANG_ANALYZER_NUMBER_OBJECT_CONVERSION = YES_AGGRESSIVE;
				CLANG_CXX_LANGUAGE_STANDARD = "gnu++20";
				CLANG_ENABLE_MODULES = YES;
				CLANG_ENABLE_OBJC_ARC = YES;
				CLANG_ENABLE_OBJC_WEAK = YES;
				CLANG_WARN_BLOCK_CAPTURE_AUTORELEASING = YES;
				CLANG_WARN_BOOL_CONVERSION = YES;
				CLANG_WARN_COMMA = YES;
				CLANG_WARN_CONSTANT_CONVERSION = YES;
				CLANG_WARN_DEPRECATED_OBJC_IMPLEMENTATIONS = YES;
				CLANG_WARN_DIRECT_OBJC_ISA_USAGE = YES_ERROR;
				CLANG_WARN_DOCUMENTATION_COMMENTS = YES;
				CLANG_WARN_EMPTY_BODY = YES;
				CLANG_WARN_ENUM_CONVERSION = YES;
				CLANG_WARN_INFINITE_RECURSION = YES;
				CLANG_WARN_INT_CONVERSION = YES;
				CLANG_WARN_NON_LITERAL_NULL_CONVERSION = YES;
				CLANG_WARN_OBJC_IMPLICIT_RETAIN_SELF = YES;
				CLANG_WARN_OBJC_LITERAL_CONVERSION = YES;
				CLANG_WARN_OBJC_ROOT_CLASS = YES_ERROR;
				CLANG_WARN_QUOTED_INCLUDE_IN_FRAMEWORK_HEADER = YES;
				CLANG_WARN_RANGE_LOOP_ANALYSIS = YES;
				CLANG_WARN_STRICT_PROTOTYPES = YES;
				CLANG_WARN_SUSPICIOUS_MOVE = YES;
				CLANG_WARN_UNGUARDED_AVAILABILITY = YES_AGGRESSIVE;
				CLANG_WARN_UNREACHABLE_CODE = YES;
				CLANG_WARN__DUPLICATE_METHOD_MATCH = YES;
				COPY_PHASE_STRIP = NO;
				DEBUG_INFORMATION_FORMAT = "dwarf-with-dsym";
				ENABLE_NS_ASSERTIONS = NO;
				ENABLE_STRICT_OBJC_MSGSEND = YES;
				GCC_C_LANGUAGE_STANDARD = gnu11;
				GCC_NO_COMMON_BLOCKS = YES;
				GCC_WARN_64_TO_32_BIT_CONVERSION = YES;
				GCC_WARN_ABOUT_RETURN_TYPE = YES_ERROR;
				GCC_WARN_UNDECLARED_SELECTOR = YES;
				GCC_WARN_UNINITIALIZED_AUTOS = YES_AGGRESSIVE;
				GCC_WARN_UNUSED_FUNCTION = YES;
				GCC_WARN_UNUSED_VARIABLE = YES;
				IPHONEOS_DEPLOYMENT_TARGET = 16.2;
				MTL_ENABLE_DEBUG_INFO = NO;
				MTL_FAST_MATH = YES;
				SDKROOT = iphoneos;
				SWIFT_COMPILATION_MODE = wholemodule;
				SWIFT_OPTIMIZATION_LEVEL = "-O";
				VALIDATE_PRODUCT = YES;
			};
			name = Release;
		};
		2A7A5B812AA6C5F900EC5924 /* Debug */ = {
			isa = XCBuildConfiguration;
			baseConfigurationReference = 811874FC0415F50E053FFEAD /* Pods-apiGitHub-04-09-2023.debug.xcconfig */;
			buildSettings = {
				ASSETCATALOG_COMPILER_APPICON_NAME = AppIcon;
				ASSETCATALOG_COMPILER_GLOBAL_ACCENT_COLOR_NAME = AccentColor;
				CODE_SIGN_STYLE = Automatic;
				CURRENT_PROJECT_VERSION = 1;
				GENERATE_INFOPLIST_FILE = YES;
				INFOPLIST_FILE = "apiGitHub-04-09-2023/Info.plist";
				INFOPLIST_KEY_UIApplicationSupportsIndirectInputEvents = YES;
				INFOPLIST_KEY_UILaunchStoryboardName = LaunchScreen;
				INFOPLIST_KEY_UIMainStoryboardFile = Main;
				INFOPLIST_KEY_UISupportedInterfaceOrientations_iPad = "UIInterfaceOrientationPortrait UIInterfaceOrientationPortraitUpsideDown UIInterfaceOrientationLandscapeLeft UIInterfaceOrientationLandscapeRight";
				INFOPLIST_KEY_UISupportedInterfaceOrientations_iPhone = "UIInterfaceOrientationPortrait UIInterfaceOrientationLandscapeLeft UIInterfaceOrientationLandscapeRight";
				LD_RUNPATH_SEARCH_PATHS = (
					"$(inherited)",
					"@executable_path/Frameworks",
				);
				MARKETING_VERSION = 1.0;
				PRODUCT_BUNDLE_IDENTIFIER = "EullerAmaral.apiGitHub-04-09-2023";
				PRODUCT_NAME = "$(TARGET_NAME)";
				SWIFT_EMIT_LOC_STRINGS = YES;
				SWIFT_VERSION = 5.0;
				TARGETED_DEVICE_FAMILY = "1,2";
			};
			name = Debug;
		};
		2A7A5B822AA6C5F900EC5924 /* Release */ = {
			isa = XCBuildConfiguration;
			baseConfigurationReference = 3B0D7F39C588D51FCD11DC9C /* Pods-apiGitHub-04-09-2023.release.xcconfig */;
			buildSettings = {
				ASSETCATALOG_COMPILER_APPICON_NAME = AppIcon;
				ASSETCATALOG_COMPILER_GLOBAL_ACCENT_COLOR_NAME = AccentColor;
				CODE_SIGN_STYLE = Automatic;
				CURRENT_PROJECT_VERSION = 1;
				GENERATE_INFOPLIST_FILE = YES;
				INFOPLIST_FILE = "apiGitHub-04-09-2023/Info.plist";
				INFOPLIST_KEY_UIApplicationSupportsIndirectInputEvents = YES;
				INFOPLIST_KEY_UILaunchStoryboardName = LaunchScreen;
				INFOPLIST_KEY_UIMainStoryboardFile = Main;
				INFOPLIST_KEY_UISupportedInterfaceOrientations_iPad = "UIInterfaceOrientationPortrait UIInterfaceOrientationPortraitUpsideDown UIInterfaceOrientationLandscapeLeft UIInterfaceOrientationLandscapeRight";
				INFOPLIST_KEY_UISupportedInterfaceOrientations_iPhone = "UIInterfaceOrientationPortrait UIInterfaceOrientationLandscapeLeft UIInterfaceOrientationLandscapeRight";
				LD_RUNPATH_SEARCH_PATHS = (
					"$(inherited)",
					"@executable_path/Frameworks",
				);
				MARKETING_VERSION = 1.0;
				PRODUCT_BUNDLE_IDENTIFIER = "EullerAmaral.apiGitHub-04-09-2023";
				PRODUCT_NAME = "$(TARGET_NAME)";
				SWIFT_EMIT_LOC_STRINGS = YES;
				SWIFT_VERSION = 5.0;
				TARGETED_DEVICE_FAMILY = "1,2";
			};
			name = Release;
		};
/* End XCBuildConfiguration section */

/* Begin XCConfigurationList section */
		2A7A5B672AA6C5F600EC5924 /* Build configuration list for PBXProject "apiGitHub-04-09-2023" */ = {
			isa = XCConfigurationList;
			buildConfigurations = (
				2A7A5B7E2AA6C5F900EC5924 /* Debug */,
				2A7A5B7F2AA6C5F900EC5924 /* Release */,
			);
			defaultConfigurationIsVisible = 0;
			defaultConfigurationName = Release;
		};
		2A7A5B802AA6C5F900EC5924 /* Build configuration list for PBXNativeTarget "apiGitHub-04-09-2023" */ = {
			isa = XCConfigurationList;
			buildConfigurations = (
				2A7A5B812AA6C5F900EC5924 /* Debug */,
				2A7A5B822AA6C5F900EC5924 /* Release */,
			);
			defaultConfigurationIsVisible = 0;
			defaultConfigurationName = Release;
		};
/* End XCConfigurationList section */
	};
	rootObject = 2A7A5B642AA6C5F600EC5924 /* Project object */;
}
